<?xml version="1.0" encoding="utf-8"?>
<Project ToolsVersion="16.0" xmlns="http://schemas.microsoft.com/developer/msbuild/2003">
  <ItemGroup>
    <CustomBuild Include="C:\Users\Jamorn\Documents\mortar\vs2022\glfw\CMakeFiles\227c2c72bba893533730a9cba739954f\INSTALL_force.rule">
      <Filter>CMake Rules</Filter>
    </CustomBuild>
  </ItemGroup>
  <ItemGroup>
    <Filter Include="CMake Rules">
      <UniqueIdentifier>{86C7222C-C3F5-3C7C-8153-8C9BEE3CB129}</UniqueIdentifier>
    </Filter>
  </ItemGroup>
</Project>
