
Microsoft Visual Studio Solution File, Format Version 12.00
# Visual Studio Version 16
Project("{8BC9CEB8-8B4A-11D0-8D11-00A0C91BC942}") = "ALL_BUILD", "ALL_BUILD.vcxproj", "{2FCF0FAB-BC6C-32D6-B545-2480AEB3EEC9}"
	ProjectSection(ProjectDependencies) = postProject
		{5A0AD606-52A2-326A-8963-34C223A64103} = {5A0AD606-52A2-326A-8963-34C223A64103}
		{D811E93F-EA54-30AA-A36F-6F22A6B8F23C} = {D811E93F-EA54-30AA-A36F-6F22A6B8F23C}
		{DC74F3E4-6076-34A6-ACCA-0F5CEC8DBE4F} = {DC74F3E4-6076-34A6-ACCA-0F5CEC8DBE4F}
		{D496214F-6E43-310B-8E15-EE4AE14E8AAD} = {D496214F-6E43-310B-8E15-EE4AE14E8AAD}
		{5E8CFFD1-47A5-3D9C-B2BA-25104B140A4F} = {5E8CFFD1-47A5-3D9C-B2BA-25104B140A4F}
	EndProjectSection
EndProject
Project("{8BC9CEB8-8B4A-11D0-8D11-00A0C91BC942}") = "INSTALL", "INSTALL.vcxproj", "{20EB4397-729F-3FA6-9534-F765A3C30C23}"
	ProjectSection(ProjectDependencies) = postProject
		{2FCF0FAB-BC6C-32D6-B545-2480AEB3EEC9} = {2FCF0FAB-BC6C-32D6-B545-2480AEB3EEC9}
		{5A0AD606-52A2-326A-8963-34C223A64103} = {5A0AD606-52A2-326A-8963-34C223A64103}
	EndProjectSection
EndProject
Project("{8BC9CEB8-8B4A-11D0-8D11-00A0C91BC942}") = "UpdateAssimpLibsDebugSymbolsAndDLLs", "UpdateAssimpLibsDebugSymbolsAndDLLs.vcxproj", "{69003378-AE72-3A9A-B563-83BA1237AA8E}"
	ProjectSection(ProjectDependencies) = postProject
		{5A0AD606-52A2-326A-8963-34C223A64103} = {5A0AD606-52A2-326A-8963-34C223A64103}
	EndProjectSection
EndProject
Project("{8BC9CEB8-8B4A-11D0-8D11-00A0C91BC942}") = "ZERO_CHECK", "ZERO_CHECK.vcxproj", "{5A0AD606-52A2-326A-8963-34C223A64103}"
	ProjectSection(ProjectDependencies) = postProject
	EndProjectSection
EndProject
Project("{8BC9CEB8-8B4A-11D0-8D11-00A0C91BC942}") = "assimp", "code\assimp.vcxproj", "{D811E93F-EA54-30AA-A36F-6F22A6B8F23C}"
	ProjectSection(ProjectDependencies) = postProject
		{5A0AD606-52A2-326A-8963-34C223A64103} = {5A0AD606-52A2-326A-8963-34C223A64103}
		{5E8CFFD1-47A5-3D9C-B2BA-25104B140A4F} = {5E8CFFD1-47A5-3D9C-B2BA-25104B140A4F}
	EndProjectSection
EndProject
Project("{8BC9CEB8-8B4A-11D0-8D11-00A0C91BC942}") = "assimp_cmd", "tools\assimp_cmd\assimp_cmd.vcxproj", "{DC74F3E4-6076-34A6-ACCA-0F5CEC8DBE4F}"
	ProjectSection(ProjectDependencies) = postProject
		{5A0AD606-52A2-326A-8963-34C223A64103} = {5A0AD606-52A2-326A-8963-34C223A64103}
		{D811E93F-EA54-30AA-A36F-6F22A6B8F23C} = {D811E93F-EA54-30AA-A36F-6F22A6B8F23C}
		{5E8CFFD1-47A5-3D9C-B2BA-25104B140A4F} = {5E8CFFD1-47A5-3D9C-B2BA-25104B140A4F}
	EndProjectSection
EndProject
Project("{8BC9CEB8-8B4A-11D0-8D11-00A0C91BC942}") = "uninstall", "uninstall.vcxproj", "{BAD40C5A-86D8-3384-950A-D10E1A64853D}"
	ProjectSection(ProjectDependencies) = postProject
		{5A0AD606-52A2-326A-8963-34C223A64103} = {5A0AD606-52A2-326A-8963-34C223A64103}
	EndProjectSection
EndProject
Project("{8BC9CEB8-8B4A-11D0-8D11-00A0C91BC942}") = "unit", "test\unit.vcxproj", "{D496214F-6E43-310B-8E15-EE4AE14E8AAD}"
	ProjectSection(ProjectDependencies) = postProject
		{5A0AD606-52A2-326A-8963-34C223A64103} = {5A0AD606-52A2-326A-8963-34C223A64103}
		{D811E93F-EA54-30AA-A36F-6F22A6B8F23C} = {D811E93F-EA54-30AA-A36F-6F22A6B8F23C}
		{5E8CFFD1-47A5-3D9C-B2BA-25104B140A4F} = {5E8CFFD1-47A5-3D9C-B2BA-25104B140A4F}
	EndProjectSection
EndProject
Project("{8BC9CEB8-8B4A-11D0-8D11-00A0C91BC942}") = "zlibstatic", "contrib\zlib\zlibstatic.vcxproj", "{5E8CFFD1-47A5-3D9C-B2BA-25104B140A4F}"
	ProjectSection(ProjectDependencies) = postProject
		{5A0AD606-52A2-326A-8963-34C223A64103} = {5A0AD606-52A2-326A-8963-34C223A64103}
	EndProjectSection
EndProject
Global
	GlobalSection(SolutionConfigurationPlatforms) = preSolution
		Debug|x64 = Debug|x64
		Release|x64 = Release|x64
		MinSizeRel|x64 = MinSizeRel|x64
		RelWithDebInfo|x64 = RelWithDebInfo|x64
	EndGlobalSection
	GlobalSection(ProjectConfigurationPlatforms) = postSolution
		{2FCF0FAB-BC6C-32D6-B545-2480AEB3EEC9}.Debug|x64.ActiveCfg = Debug|x64
		{2FCF0FAB-BC6C-32D6-B545-2480AEB3EEC9}.Debug|x64.Build.0 = Debug|x64
		{2FCF0FAB-BC6C-32D6-B545-2480AEB3EEC9}.Release|x64.ActiveCfg = Release|x64
		{2FCF0FAB-BC6C-32D6-B545-2480AEB3EEC9}.Release|x64.Build.0 = Release|x64
		{2FCF0FAB-BC6C-32D6-B545-2480AEB3EEC9}.MinSizeRel|x64.ActiveCfg = MinSizeRel|x64
		{2FCF0FAB-BC6C-32D6-B545-2480AEB3EEC9}.MinSizeRel|x64.Build.0 = MinSizeRel|x64
		{2FCF0FAB-BC6C-32D6-B545-2480AEB3EEC9}.RelWithDebInfo|x64.ActiveCfg = RelWithDebInfo|x64
		{2FCF0FAB-BC6C-32D6-B545-2480AEB3EEC9}.RelWithDebInfo|x64.Build.0 = RelWithDebInfo|x64
		{20EB4397-729F-3FA6-9534-F765A3C30C23}.Debug|x64.ActiveCfg = Debug|x64
		{20EB4397-729F-3FA6-9534-F765A3C30C23}.Release|x64.ActiveCfg = Release|x64
		{20EB4397-729F-3FA6-9534-F765A3C30C23}.MinSizeRel|x64.ActiveCfg = MinSizeRel|x64
		{20EB4397-729F-3FA6-9534-F765A3C30C23}.RelWithDebInfo|x64.ActiveCfg = RelWithDebInfo|x64
		{69003378-AE72-3A9A-B563-83BA1237AA8E}.Debug|x64.ActiveCfg = Debug|x64
		{69003378-AE72-3A9A-B563-83BA1237AA8E}.Release|x64.ActiveCfg = Release|x64
		{69003378-AE72-3A9A-B563-83BA1237AA8E}.MinSizeRel|x64.ActiveCfg = MinSizeRel|x64
		{69003378-AE72-3A9A-B563-83BA1237AA8E}.RelWithDebInfo|x64.ActiveCfg = RelWithDebInfo|x64
		{5A0AD606-52A2-326A-8963-34C223A64103}.Debug|x64.ActiveCfg = Debug|x64
		{5A0AD606-52A2-326A-8963-34C223A64103}.Debug|x64.Build.0 = Debug|x64
		{5A0AD606-52A2-326A-8963-34C223A64103}.Release|x64.ActiveCfg = Release|x64
		{5A0AD606-52A2-326A-8963-34C223A64103}.Release|x64.Build.0 = Release|x64
		{5A0AD606-52A2-326A-8963-34C223A64103}.MinSizeRel|x64.ActiveCfg = MinSizeRel|x64
		{5A0AD606-52A2-326A-8963-34C223A64103}.MinSizeRel|x64.Build.0 = MinSizeRel|x64
		{5A0AD606-52A2-326A-8963-34C223A64103}.RelWithDebInfo|x64.ActiveCfg = RelWithDebInfo|x64
		{5A0AD606-52A2-326A-8963-34C223A64103}.RelWithDebInfo|x64.Build.0 = RelWithDebInfo|x64
		{D811E93F-EA54-30AA-A36F-6F22A6B8F23C}.Debug|x64.ActiveCfg = Debug|x64
		{D811E93F-EA54-30AA-A36F-6F22A6B8F23C}.Debug|x64.Build.0 = Debug|x64
		{D811E93F-EA54-30AA-A36F-6F22A6B8F23C}.Release|x64.ActiveCfg = Release|x64
		{D811E93F-EA54-30AA-A36F-6F22A6B8F23C}.Release|x64.Build.0 = Release|x64
		{D811E93F-EA54-30AA-A36F-6F22A6B8F23C}.MinSizeRel|x64.ActiveCfg = MinSizeRel|x64
		{D811E93F-EA54-30AA-A36F-6F22A6B8F23C}.MinSizeRel|x64.Build.0 = MinSizeRel|x64
		{D811E93F-EA54-30AA-A36F-6F22A6B8F23C}.RelWithDebInfo|x64.ActiveCfg = RelWithDebInfo|x64
		{D811E93F-EA54-30AA-A36F-6F22A6B8F23C}.RelWithDebInfo|x64.Build.0 = RelWithDebInfo|x64
		{DC74F3E4-6076-34A6-ACCA-0F5CEC8DBE4F}.Debug|x64.ActiveCfg = Debug|x64
		{DC74F3E4-6076-34A6-ACCA-0F5CEC8DBE4F}.Debug|x64.Build.0 = Debug|x64
		{DC74F3E4-6076-34A6-ACCA-0F5CEC8DBE4F}.Release|x64.ActiveCfg = Release|x64
		{DC74F3E4-6076-34A6-ACCA-0F5CEC8DBE4F}.Release|x64.Build.0 = Release|x64
		{DC74F3E4-6076-34A6-ACCA-0F5CEC8DBE4F}.MinSizeRel|x64.ActiveCfg = MinSizeRel|x64
		{DC74F3E4-6076-34A6-ACCA-0F5CEC8DBE4F}.MinSizeRel|x64.Build.0 = MinSizeRel|x64
		{DC74F3E4-6076-34A6-ACCA-0F5CEC8DBE4F}.RelWithDebInfo|x64.ActiveCfg = RelWithDebInfo|x64
		{DC74F3E4-6076-34A6-ACCA-0F5CEC8DBE4F}.RelWithDebInfo|x64.Build.0 = RelWithDebInfo|x64
		{BAD40C5A-86D8-3384-950A-D10E1A64853D}.Debug|x64.ActiveCfg = Debug|x64
		{BAD40C5A-86D8-3384-950A-D10E1A64853D}.Release|x64.ActiveCfg = Release|x64
		{BAD40C5A-86D8-3384-950A-D10E1A64853D}.MinSizeRel|x64.ActiveCfg = MinSizeRel|x64
		{BAD40C5A-86D8-3384-950A-D10E1A64853D}.RelWithDebInfo|x64.ActiveCfg = RelWithDebInfo|x64
		{D496214F-6E43-310B-8E15-EE4AE14E8AAD}.Debug|x64.ActiveCfg = Debug|x64
		{D496214F-6E43-310B-8E15-EE4AE14E8AAD}.Debug|x64.Build.0 = Debug|x64
		{D496214F-6E43-310B-8E15-EE4AE14E8AAD}.Release|x64.ActiveCfg = Release|x64
		{D496214F-6E43-310B-8E15-EE4AE14E8AAD}.Release|x64.Build.0 = Release|x64
		{D496214F-6E43-310B-8E15-EE4AE14E8AAD}.MinSizeRel|x64.ActiveCfg = MinSizeRel|x64
		{D496214F-6E43-310B-8E15-EE4AE14E8AAD}.MinSizeRel|x64.Build.0 = MinSizeRel|x64
		{D496214F-6E43-310B-8E15-EE4AE14E8AAD}.RelWithDebInfo|x64.ActiveCfg = RelWithDebInfo|x64
		{D496214F-6E43-310B-8E15-EE4AE14E8AAD}.RelWithDebInfo|x64.Build.0 = RelWithDebInfo|x64
		{5E8CFFD1-47A5-3D9C-B2BA-25104B140A4F}.Debug|x64.ActiveCfg = Debug|x64
		{5E8CFFD1-47A5-3D9C-B2BA-25104B140A4F}.Debug|x64.Build.0 = Debug|x64
		{5E8CFFD1-47A5-3D9C-B2BA-25104B140A4F}.Release|x64.ActiveCfg = Release|x64
		{5E8CFFD1-47A5-3D9C-B2BA-25104B140A4F}.Release|x64.Build.0 = Release|x64
		{5E8CFFD1-47A5-3D9C-B2BA-25104B140A4F}.MinSizeRel|x64.ActiveCfg = MinSizeRel|x64
		{5E8CFFD1-47A5-3D9C-B2BA-25104B140A4F}.MinSizeRel|x64.Build.0 = MinSizeRel|x64
		{5E8CFFD1-47A5-3D9C-B2BA-25104B140A4F}.RelWithDebInfo|x64.ActiveCfg = RelWithDebInfo|x64
		{5E8CFFD1-47A5-3D9C-B2BA-25104B140A4F}.RelWithDebInfo|x64.Build.0 = RelWithDebInfo|x64
	EndGlobalSection
	GlobalSection(ExtensibilityGlobals) = postSolution
		SolutionGuid = {5FCCE963-087A-3DF6-8EEE-5F432CCE09C3}
	EndGlobalSection
	GlobalSection(ExtensibilityAddIns) = postSolution
	EndGlobalSection
EndGlobal
