<?xml version="1.0" encoding="utf-8"?>
<Project ToolsVersion="4.0" xmlns="http://schemas.microsoft.com/developer/msbuild/2003">
  <ItemGroup>
    <Filter Include="Source Files">
      <UniqueIdentifier>{4FC737F1-C7A5-4376-A066-2A32D752A2FF}</UniqueIdentifier>
      <Extensions>cpp;c;cc;cxx;c++;cppm;ixx;def;odl;idl;hpj;bat;asm;asmx</Extensions>
    </Filter>
    <Filter Include="Header Files">
      <UniqueIdentifier>{93995380-89BD-4b04-88EB-625FBE52EBFB}</UniqueIdentifier>
      <Extensions>h;hh;hpp;hxx;h++;hm;inl;inc;ipp;xsd</Extensions>
    </Filter>
    <Filter Include="Resource Files">
      <UniqueIdentifier>{67DA6AB6-F800-4c08-8B7A-83BB121AAD01}</UniqueIdentifier>
      <Extensions>rc;ico;cur;bmp;dlg;rc2;rct;bin;rgs;gif;jpg;jpeg;jpe;resx;tiff;tif;png;wav;mfcribbon-ms</Extensions>
    </Filter>
  </ItemGroup>
  <ItemGroup>
    <ClCompile Include="rhi\vka\vma\vma.cpp">
      <Filter>Source Files</Filter>
    </ClCompile>
    <ClCompile Include="rhi\vka\vkacommon.cpp">
      <Filter>Source Files</Filter>
    </ClCompile>
    <ClCompile Include="core\stb\stbimage.cpp">
      <Filter>Source Files</Filter>
    </ClCompile>
    <ClCompile Include="main.cpp">
      <Filter>Source Files</Filter>
    </ClCompile>
    <ClCompile Include="..\dep\imgui\backends\imgui_impl_dx12.cpp">
      <Filter>Source Files</Filter>
    </ClCompile>
    <ClCompile Include="..\dep\imgui\backends\imgui_impl_vulkan.cpp">
      <Filter>Source Files</Filter>
    </ClCompile>
    <ClCompile Include="..\dep\imgui\imgui.cpp">
      <Filter>Source Files</Filter>
    </ClCompile>
    <ClCompile Include="..\dep\imgui\imgui_demo.cpp">
      <Filter>Source Files</Filter>
    </ClCompile>
    <ClCompile Include="..\dep\imgui\imgui_draw.cpp">
      <Filter>Source Files</Filter>
    </ClCompile>
    <ClCompile Include="..\dep\imgui\imgui_tables.cpp">
      <Filter>Source Files</Filter>
    </ClCompile>
    <ClCompile Include="..\dep\imgui\imgui_widgets.cpp">
      <Filter>Source Files</Filter>
    </ClCompile>
    <ClCompile Include="..\dep\imgui\backends\imgui_impl_glfw.cpp">
      <Filter>Source Files</Filter>
    </ClCompile>
    <ClCompile Include="..\dep\D3D12MemoryAllocator\src\D3D12MemAlloc.cpp">
      <Filter>Source Files</Filter>
    </ClCompile>
  </ItemGroup>
  <ItemGroup>
    <ClInclude Include="shaders\common\color_conversion.h">
      <Filter>Header Files</Filter>
    </ClInclude>
    <ClInclude Include="shaders\common\constant.h">
      <Filter>Header Files</Filter>
    </ClInclude>
    <ClInclude Include="shaders\common\mapping.h">
      <Filter>Header Files</Filter>
    </ClInclude>
    <ClInclude Include="shaders\common\onb.h">
      <Filter>Header Files</Filter>
    </ClInclude>
    <ClInclude Include="shaders\common\reservior.h">
      <Filter>Header Files</Filter>
    </ClInclude>
    <ClInclude Include="shaders\common\standard_bsdf.h">
      <Filter>Header Files</Filter>
    </ClInclude>
    <ClInclude Include="shaders\rng\pcg.h">
      <Filter>Header Files</Filter>
    </ClInclude>
    <ClInclude Include="shaders\shared\bindless_table.h">
      <Filter>Header Files</Filter>
    </ClInclude>
    <ClInclude Include="shaders\shared\camera_params.h">
      <Filter>Header Files</Filter>
    </ClInclude>
    <ClInclude Include="shaders\shared\compact_vertex.h">
      <Filter>Header Files</Filter>
    </ClInclude>
    <ClInclude Include="shaders\shared\debug_print.h">
      <Filter>Header Files</Filter>
    </ClInclude>
    <ClInclude Include="shaders\shared\standard_material.h">
      <Filter>Header Files</Filter>
    </ClInclude>
    <ClInclude Include="shaders\shared\types.h">
      <Filter>Header Files</Filter>
    </ClInclude>
    <ClInclude Include="shaders\direct_light_restir_params.h">
      <Filter>Header Files</Filter>
    </ClInclude>
    <ClInclude Include="shaders\raytrace_visualize_params.h">
      <Filter>Header Files</Filter>
    </ClInclude>
    <ClInclude Include="rhi\commontypes\rhicopyregion.h">
      <Filter>Header Files</Filter>
    </ClInclude>
    <ClInclude Include="rhi\commontypes\rhienums.h">
      <Filter>Header Files</Filter>
    </ClInclude>
    <ClInclude Include="rhi\commontypes\rhishadersrc.h">
      <Filter>Header Files</Filter>
    </ClInclude>
    <ClInclude Include="rhi\dxa\dxa.h">
      <Filter>Header Files</Filter>
    </ClInclude>
    <ClInclude Include="rhi\dxa\dxabuffer.h">
      <Filter>Header Files</Filter>
    </ClInclude>
    <ClInclude Include="rhi\dxa\dxacommandlist.h">
      <Filter>Header Files</Filter>
    </ClInclude>
    <ClInclude Include="rhi\dxa\dxacommandpool.h">
      <Filter>Header Files</Filter>
    </ClInclude>
    <ClInclude Include="rhi\dxa\dxacommon.h">
      <Filter>Header Files</Filter>
    </ClInclude>
    <ClInclude Include="rhi\dxa\dxadescriptor.h">
      <Filter>Header Files</Filter>
    </ClInclude>
    <ClInclude Include="rhi\dxa\dxadescriptorpool.h">
      <Filter>Header Files</Filter>
    </ClInclude>
    <ClInclude Include="rhi\dxa\dxadevice.h">
      <Filter>Header Files</Filter>
    </ClInclude>
    <ClInclude Include="rhi\dxa\dxaentry.h">
      <Filter>Header Files</Filter>
    </ClInclude>
    <ClInclude Include="rhi\dxa\dxafence.h">
      <Filter>Header Files</Filter>
    </ClInclude>
    <ClInclude Include="rhi\dxa\dxaflightcontrol.h">
      <Filter>Header Files</Filter>
    </ClInclude>
    <ClInclude Include="rhi\dxa\dxaframebufferbinding.h">
      <Filter>Header Files</Filter>
    </ClInclude>
    <ClInclude Include="rhi\dxa\dxaimguirenderpass.h">
      <Filter>Header Files</Filter>
    </ClInclude>
    <ClInclude Include="rhi\dxa\dxarasterpipeline.h">
      <Filter>Header Files</Filter>
    </ClInclude>
    <ClInclude Include="rhi\dxa\dxaraytracingaccel.h">
      <Filter>Header Files</Filter>
    </ClInclude>
    <ClInclude Include="rhi\dxa\dxaraytracingpipeline.h">
      <Filter>Header Files</Filter>
    </ClInclude>
    <ClInclude Include="rhi\dxa\dxasampler.h">
      <Filter>Header Files</Filter>
    </ClInclude>
    <ClInclude Include="rhi\dxa\dxasemaphore.h">
      <Filter>Header Files</Filter>
    </ClInclude>
    <ClInclude Include="rhi\dxa\dxastagingbuffermanager.h">
      <Filter>Header Files</Filter>
    </ClInclude>
    <ClInclude Include="rhi\dxa\dxaswapchain.h">
      <Filter>Header Files</Filter>
    </ClInclude>
    <ClInclude Include="rhi\dxa\dxatexture.h">
      <Filter>Header Files</Filter>
    </ClInclude>
    <ClInclude Include="rhi\dxa\dxilreflection.h">
      <Filter>Header Files</Filter>
    </ClInclude>
    <ClInclude Include="rhi\shadercompiler\glslcompiler.h">
      <Filter>Header Files</Filter>
    </ClInclude>
    <ClInclude Include="rhi\shadercompiler\hlsld3dcompiler.h">
      <Filter>Header Files</Filter>
    </ClInclude>
    <ClInclude Include="rhi\shadercompiler\hlsldxccompiler.h">
      <Filter>Header Files</Filter>
    </ClInclude>
    <ClInclude Include="rhi\vka\spirvreflection.h">
      <Filter>Header Files</Filter>
    </ClInclude>
    <ClInclude Include="rhi\vka\vka.h">
      <Filter>Header Files</Filter>
    </ClInclude>
    <ClInclude Include="rhi\vka\vkabuffer.h">
      <Filter>Header Files</Filter>
    </ClInclude>
    <ClInclude Include="rhi\vka\vkacommandlist.h">
      <Filter>Header Files</Filter>
    </ClInclude>
    <ClInclude Include="rhi\vka\vkacommandpool.h">
      <Filter>Header Files</Filter>
    </ClInclude>
    <ClInclude Include="rhi\vka\vkacommon.h">
      <Filter>Header Files</Filter>
    </ClInclude>
    <ClInclude Include="rhi\vka\vkadescriptor.h">
      <Filter>Header Files</Filter>
    </ClInclude>
    <ClInclude Include="rhi\vka\vkadescriptorpool.h">
      <Filter>Header Files</Filter>
    </ClInclude>
    <ClInclude Include="rhi\vka\vkadevice.h">
      <Filter>Header Files</Filter>
    </ClInclude>
    <ClInclude Include="rhi\vka\vkaentry.h">
      <Filter>Header Files</Filter>
    </ClInclude>
    <ClInclude Include="rhi\vka\vkafence.h">
      <Filter>Header Files</Filter>
    </ClInclude>
    <ClInclude Include="rhi\vka\vkaframebufferbinding.h">
      <Filter>Header Files</Filter>
    </ClInclude>
    <ClInclude Include="rhi\vka\vkaimguirenderpass.h">
      <Filter>Header Files</Filter>
    </ClInclude>
    <ClInclude Include="rhi\vka\vkarasterpipeline.h">
      <Filter>Header Files</Filter>
    </ClInclude>
    <ClInclude Include="rhi\vka\vkaraytracingaccel.h">
      <Filter>Header Files</Filter>
    </ClInclude>
    <ClInclude Include="rhi\vka\vkaraytracingpipeline.h">
      <Filter>Header Files</Filter>
    </ClInclude>
    <ClInclude Include="rhi\vka\vkasampler.h">
      <Filter>Header Files</Filter>
    </ClInclude>
    <ClInclude Include="rhi\vka\vkasemaphore.h">
      <Filter>Header Files</Filter>
    </ClInclude>
    <ClInclude Include="rhi\vka\vkastagingbuffermanager.h">
      <Filter>Header Files</Filter>
    </ClInclude>
    <ClInclude Include="rhi\vka\vkaswapchain.h">
      <Filter>Header Files</Filter>
    </ClInclude>
    <ClInclude Include="rhi\vka\vkatexture.h">
      <Filter>Header Files</Filter>
    </ClInclude>
    <ClInclude Include="rhi\rhi.h">
      <Filter>Header Files</Filter>
    </ClInclude>
    <ClInclude Include="rhi\setting.h">
      <Filter>Header Files</Filter>
    </ClInclude>
    <ClInclude Include="core\ste\stevector.h">
      <Filter>Header Files</Filter>
    </ClInclude>
    <ClInclude Include="core\camera.h">
      <Filter>Header Files</Filter>
    </ClInclude>
    <ClInclude Include="core\file.h">
      <Filter>Header Files</Filter>
    </ClInclude>
    <ClInclude Include="core\glfwhandler.h">
      <Filter>Header Files</Filter>
    </ClInclude>
    <ClInclude Include="core\logger.h">
      <Filter>Header Files</Filter>
    </ClInclude>
    <ClInclude Include="core\noncopyable.h">
      <Filter>Header Files</Filter>
    </ClInclude>
    <ClInclude Include="core\stopwatch.h">
      <Filter>Header Files</Filter>
    </ClInclude>
    <ClInclude Include="core\trace.h">
      <Filter>Header Files</Filter>
    </ClInclude>
    <ClInclude Include="core\uniquehandle.h">
      <Filter>Header Files</Filter>
    </ClInclude>
    <ClInclude Include="core\vmath.h">
      <Filter>Header Files</Filter>
    </ClInclude>
    <ClInclude Include="importer\ai_mesh_importer.h">
      <Filter>Header Files</Filter>
    </ClInclude>
    <ClInclude Include="importer\img_importer.h">
      <Filter>Header Files</Filter>
    </ClInclude>
    <ClInclude Include="render\passes\final_composite.h">
      <Filter>Header Files</Filter>
    </ClInclude>
    <ClInclude Include="render\passes\raytrace_visualize.h">
      <Filter>Header Files</Filter>
    </ClInclude>
    <ClInclude Include="render\render_context.h">
      <Filter>Header Files</Filter>
    </ClInclude>
    <ClInclude Include="render\render_params.h">
      <Filter>Header Files</Filter>
    </ClInclude>
    <ClInclude Include="render\renderer.h">
      <Filter>Header Files</Filter>
    </ClInclude>
    <ClInclude Include="render\shader_path.h">
      <Filter>Header Files</Filter>
    </ClInclude>
    <ClInclude Include="assetbrowser.h">
      <Filter>Header Files</Filter>
    </ClInclude>
    <ClInclude Include="assetbrowserquick.h">
      <Filter>Header Files</Filter>
    </ClInclude>
    <ClInclude Include="engine_setting.h">
      <Filter>Header Files</Filter>
    </ClInclude>
    <ClInclude Include="mainloop.h">
      <Filter>Header Files</Filter>
    </ClInclude>
    <ClInclude Include="scene_graph.h">
      <Filter>Header Files</Filter>
    </ClInclude>
    <ClInclude Include="scene_resource.h">
      <Filter>Header Files</Filter>
    </ClInclude>
    <ClInclude Include="..\dep\imgui\backends\imgui_impl_dx12.h">
      <Filter>Header Files</Filter>
    </ClInclude>
    <ClInclude Include="..\dep\imgui\backends\imgui_impl_vulkan.h">
      <Filter>Header Files</Filter>
    </ClInclude>
  </ItemGroup>
</Project>