
Microsoft Visual Studio Solution File, Format Version 12.00
# Visual Studio Version 16
Project("{2150E333-8FDC-42A3-9474-1A3956D46DE8}") = "CMakePredefinedTargets", "CMakePredefinedTargets", "{69D3C479-BD62-3F46-9886-FA954B7B0512}"
EndProject
Project("{2150E333-8FDC-42A3-9474-1A3956D46DE8}") = "GLFW3", "GLFW3", "{CC923D1B-EF72-33A6-AC7C-E5F9201FD9A2}"
EndProject
Project("{2150E333-8FDC-42A3-9474-1A3956D46DE8}") = "Examples", "GLFW3\Examples", "{B3F211E3-3EE0-395F-AADC-F383230BE005}"
EndProject
Project("{2150E333-8FDC-42A3-9474-1A3956D46DE8}") = "Tests", "GLFW3\Tests", "{06F1E2AC-D252-3899-965C-A09249728640}"
EndProject
Project("{8BC9CEB8-8B4A-11D0-8D11-00A0C91BC942}") = "ALL_BUILD", "ALL_BUILD.vcxproj", "{D4817DC6-4F9F-3603-A8FB-AA0310A6D261}"
	ProjectSection(ProjectDependencies) = postProject
		{3EE4D20C-8D40-3505-99DC-47078F344D0A} = {3EE4D20C-8D40-3505-99DC-47078F344D0A}
		{0625EC35-56A1-3D13-9287-404D41E5368C} = {0625EC35-56A1-3D13-9287-404D41E5368C}
		{F4C3A287-F5BB-3820-A7BC-6DF04AC6DC37} = {F4C3A287-F5BB-3820-A7BC-6DF04AC6DC37}
		{B03762D5-BF72-3E9A-904E-52E3A43330B4} = {B03762D5-BF72-3E9A-904E-52E3A43330B4}
		{B608B043-1B95-3C04-B095-9AE0B1B3444C} = {B608B043-1B95-3C04-B095-9AE0B1B3444C}
		{6715CCA8-B3F1-3DD1-8A96-B84B2209EB72} = {6715CCA8-B3F1-3DD1-8A96-B84B2209EB72}
		{153F19A6-5ABA-3E25-B9F5-46DC7A76C8EE} = {153F19A6-5ABA-3E25-B9F5-46DC7A76C8EE}
		{A940E157-74B8-3205-88D2-DE38E2F31CA1} = {A940E157-74B8-3205-88D2-DE38E2F31CA1}
		{2E3FB810-94EA-3DF1-9CD9-87F6C0DC2FEF} = {2E3FB810-94EA-3DF1-9CD9-87F6C0DC2FEF}
		{538E2344-74A0-3522-AF17-10ADCA3385C0} = {538E2344-74A0-3522-AF17-10ADCA3385C0}
		{614F8108-3DD6-38A1-A976-CA280099EF47} = {614F8108-3DD6-38A1-A976-CA280099EF47}
		{758363A3-A1F2-3018-BFD9-92F295E67E3C} = {758363A3-A1F2-3018-BFD9-92F295E67E3C}
		{687E886C-9416-3E93-BD7D-8AECCE51D6AA} = {687E886C-9416-3E93-BD7D-8AECCE51D6AA}
		{3EE76DBA-6B57-329C-ADD2-D7B61DF36597} = {3EE76DBA-6B57-329C-ADD2-D7B61DF36597}
		{9E7CBEBD-C082-3FAF-9C3A-3C1A5256A11A} = {9E7CBEBD-C082-3FAF-9C3A-3C1A5256A11A}
		{A691134F-A934-32C5-8EDA-083B4F2EDEB4} = {A691134F-A934-32C5-8EDA-083B4F2EDEB4}
		{9B7169B5-BE85-3518-940A-BCA80E92EF1B} = {9B7169B5-BE85-3518-940A-BCA80E92EF1B}
		{6380BF2C-ED58-3894-9E6E-B3B5CBDC5463} = {6380BF2C-ED58-3894-9E6E-B3B5CBDC5463}
		{8B9D3E0C-61D6-3F49-B495-68644FE1806F} = {8B9D3E0C-61D6-3F49-B495-68644FE1806F}
		{BD6F1F84-4202-348B-AA80-660B13358673} = {BD6F1F84-4202-348B-AA80-660B13358673}
		{D434DB45-3A22-31E4-9FD0-F12AE2FC584C} = {D434DB45-3A22-31E4-9FD0-F12AE2FC584C}
		{11BBE60F-5340-34E3-8BC4-E6B802E396A5} = {11BBE60F-5340-34E3-8BC4-E6B802E396A5}
		{054BD904-8E90-38FE-9D1A-0AD1270A653C} = {054BD904-8E90-38FE-9D1A-0AD1270A653C}
		{67311095-3DD8-36BD-9AE2-1D4E2D664E2B} = {67311095-3DD8-36BD-9AE2-1D4E2D664E2B}
		{727D65A2-74F9-3663-BA92-A607BFD6FB8E} = {727D65A2-74F9-3663-BA92-A607BFD6FB8E}
		{39147C5F-BFE2-34A9-9915-B5B3A5ED65EA} = {39147C5F-BFE2-34A9-9915-B5B3A5ED65EA}
		{6F33FB56-FDA5-3095-8C5C-9A4E324ACA8C} = {6F33FB56-FDA5-3095-8C5C-9A4E324ACA8C}
		{A84EA5DA-44E3-3727-B96C-24E90CB44F83} = {A84EA5DA-44E3-3727-B96C-24E90CB44F83}
		{EC2E529D-0169-3AD7-A875-E88DF5D5BB34} = {EC2E529D-0169-3AD7-A875-E88DF5D5BB34}
		{7CEA3277-FCE0-30D5-9279-F8881A337F86} = {7CEA3277-FCE0-30D5-9279-F8881A337F86}
		{536A8EE7-85A6-3041-B42D-AA35DD98B457} = {536A8EE7-85A6-3041-B42D-AA35DD98B457}
	EndProjectSection
EndProject
Project("{8BC9CEB8-8B4A-11D0-8D11-00A0C91BC942}") = "INSTALL", "INSTALL.vcxproj", "{6F04F07C-1B4F-331C-AB35-AECA75090C2D}"
	ProjectSection(ProjectDependencies) = postProject
		{D4817DC6-4F9F-3603-A8FB-AA0310A6D261} = {D4817DC6-4F9F-3603-A8FB-AA0310A6D261}
		{3EE4D20C-8D40-3505-99DC-47078F344D0A} = {3EE4D20C-8D40-3505-99DC-47078F344D0A}
	EndProjectSection
EndProject
Project("{8BC9CEB8-8B4A-11D0-8D11-00A0C91BC942}") = "ZERO_CHECK", "ZERO_CHECK.vcxproj", "{3EE4D20C-8D40-3505-99DC-47078F344D0A}"
	ProjectSection(ProjectDependencies) = postProject
	EndProjectSection
EndProject
Project("{8BC9CEB8-8B4A-11D0-8D11-00A0C91BC942}") = "boing", "examples\boing.vcxproj", "{0625EC35-56A1-3D13-9287-404D41E5368C}"
	ProjectSection(ProjectDependencies) = postProject
		{3EE4D20C-8D40-3505-99DC-47078F344D0A} = {3EE4D20C-8D40-3505-99DC-47078F344D0A}
		{2E3FB810-94EA-3DF1-9CD9-87F6C0DC2FEF} = {2E3FB810-94EA-3DF1-9CD9-87F6C0DC2FEF}
	EndProjectSection
EndProject
Project("{8BC9CEB8-8B4A-11D0-8D11-00A0C91BC942}") = "clipboard", "tests\clipboard.vcxproj", "{F4C3A287-F5BB-3820-A7BC-6DF04AC6DC37}"
	ProjectSection(ProjectDependencies) = postProject
		{3EE4D20C-8D40-3505-99DC-47078F344D0A} = {3EE4D20C-8D40-3505-99DC-47078F344D0A}
		{2E3FB810-94EA-3DF1-9CD9-87F6C0DC2FEF} = {2E3FB810-94EA-3DF1-9CD9-87F6C0DC2FEF}
	EndProjectSection
EndProject
Project("{8BC9CEB8-8B4A-11D0-8D11-00A0C91BC942}") = "cursor", "tests\cursor.vcxproj", "{B03762D5-BF72-3E9A-904E-52E3A43330B4}"
	ProjectSection(ProjectDependencies) = postProject
		{3EE4D20C-8D40-3505-99DC-47078F344D0A} = {3EE4D20C-8D40-3505-99DC-47078F344D0A}
		{2E3FB810-94EA-3DF1-9CD9-87F6C0DC2FEF} = {2E3FB810-94EA-3DF1-9CD9-87F6C0DC2FEF}
	EndProjectSection
EndProject
Project("{8BC9CEB8-8B4A-11D0-8D11-00A0C91BC942}") = "empty", "tests\empty.vcxproj", "{B608B043-1B95-3C04-B095-9AE0B1B3444C}"
	ProjectSection(ProjectDependencies) = postProject
		{3EE4D20C-8D40-3505-99DC-47078F344D0A} = {3EE4D20C-8D40-3505-99DC-47078F344D0A}
		{2E3FB810-94EA-3DF1-9CD9-87F6C0DC2FEF} = {2E3FB810-94EA-3DF1-9CD9-87F6C0DC2FEF}
	EndProjectSection
EndProject
Project("{8BC9CEB8-8B4A-11D0-8D11-00A0C91BC942}") = "events", "tests\events.vcxproj", "{6715CCA8-B3F1-3DD1-8A96-B84B2209EB72}"
	ProjectSection(ProjectDependencies) = postProject
		{3EE4D20C-8D40-3505-99DC-47078F344D0A} = {3EE4D20C-8D40-3505-99DC-47078F344D0A}
		{2E3FB810-94EA-3DF1-9CD9-87F6C0DC2FEF} = {2E3FB810-94EA-3DF1-9CD9-87F6C0DC2FEF}
	EndProjectSection
EndProject
Project("{8BC9CEB8-8B4A-11D0-8D11-00A0C91BC942}") = "gamma", "tests\gamma.vcxproj", "{153F19A6-5ABA-3E25-B9F5-46DC7A76C8EE}"
	ProjectSection(ProjectDependencies) = postProject
		{3EE4D20C-8D40-3505-99DC-47078F344D0A} = {3EE4D20C-8D40-3505-99DC-47078F344D0A}
		{2E3FB810-94EA-3DF1-9CD9-87F6C0DC2FEF} = {2E3FB810-94EA-3DF1-9CD9-87F6C0DC2FEF}
	EndProjectSection
EndProject
Project("{8BC9CEB8-8B4A-11D0-8D11-00A0C91BC942}") = "gears", "examples\gears.vcxproj", "{A940E157-74B8-3205-88D2-DE38E2F31CA1}"
	ProjectSection(ProjectDependencies) = postProject
		{3EE4D20C-8D40-3505-99DC-47078F344D0A} = {3EE4D20C-8D40-3505-99DC-47078F344D0A}
		{2E3FB810-94EA-3DF1-9CD9-87F6C0DC2FEF} = {2E3FB810-94EA-3DF1-9CD9-87F6C0DC2FEF}
	EndProjectSection
EndProject
Project("{8BC9CEB8-8B4A-11D0-8D11-00A0C91BC942}") = "glfw", "src\glfw.vcxproj", "{2E3FB810-94EA-3DF1-9CD9-87F6C0DC2FEF}"
	ProjectSection(ProjectDependencies) = postProject
		{3EE4D20C-8D40-3505-99DC-47078F344D0A} = {3EE4D20C-8D40-3505-99DC-47078F344D0A}
	EndProjectSection
EndProject
Project("{8BC9CEB8-8B4A-11D0-8D11-00A0C91BC942}") = "glfwinfo", "tests\glfwinfo.vcxproj", "{538E2344-74A0-3522-AF17-10ADCA3385C0}"
	ProjectSection(ProjectDependencies) = postProject
		{3EE4D20C-8D40-3505-99DC-47078F344D0A} = {3EE4D20C-8D40-3505-99DC-47078F344D0A}
		{2E3FB810-94EA-3DF1-9CD9-87F6C0DC2FEF} = {2E3FB810-94EA-3DF1-9CD9-87F6C0DC2FEF}
	EndProjectSection
EndProject
Project("{8BC9CEB8-8B4A-11D0-8D11-00A0C91BC942}") = "heightmap", "examples\heightmap.vcxproj", "{614F8108-3DD6-38A1-A976-CA280099EF47}"
	ProjectSection(ProjectDependencies) = postProject
		{3EE4D20C-8D40-3505-99DC-47078F344D0A} = {3EE4D20C-8D40-3505-99DC-47078F344D0A}
		{2E3FB810-94EA-3DF1-9CD9-87F6C0DC2FEF} = {2E3FB810-94EA-3DF1-9CD9-87F6C0DC2FEF}
	EndProjectSection
EndProject
Project("{8BC9CEB8-8B4A-11D0-8D11-00A0C91BC942}") = "icon", "tests\icon.vcxproj", "{758363A3-A1F2-3018-BFD9-92F295E67E3C}"
	ProjectSection(ProjectDependencies) = postProject
		{3EE4D20C-8D40-3505-99DC-47078F344D0A} = {3EE4D20C-8D40-3505-99DC-47078F344D0A}
		{2E3FB810-94EA-3DF1-9CD9-87F6C0DC2FEF} = {2E3FB810-94EA-3DF1-9CD9-87F6C0DC2FEF}
	EndProjectSection
EndProject
Project("{8BC9CEB8-8B4A-11D0-8D11-00A0C91BC942}") = "iconify", "tests\iconify.vcxproj", "{687E886C-9416-3E93-BD7D-8AECCE51D6AA}"
	ProjectSection(ProjectDependencies) = postProject
		{3EE4D20C-8D40-3505-99DC-47078F344D0A} = {3EE4D20C-8D40-3505-99DC-47078F344D0A}
		{2E3FB810-94EA-3DF1-9CD9-87F6C0DC2FEF} = {2E3FB810-94EA-3DF1-9CD9-87F6C0DC2FEF}
	EndProjectSection
EndProject
Project("{8BC9CEB8-8B4A-11D0-8D11-00A0C91BC942}") = "inputlag", "tests\inputlag.vcxproj", "{3EE76DBA-6B57-329C-ADD2-D7B61DF36597}"
	ProjectSection(ProjectDependencies) = postProject
		{3EE4D20C-8D40-3505-99DC-47078F344D0A} = {3EE4D20C-8D40-3505-99DC-47078F344D0A}
		{2E3FB810-94EA-3DF1-9CD9-87F6C0DC2FEF} = {2E3FB810-94EA-3DF1-9CD9-87F6C0DC2FEF}
	EndProjectSection
EndProject
Project("{8BC9CEB8-8B4A-11D0-8D11-00A0C91BC942}") = "joysticks", "tests\joysticks.vcxproj", "{9E7CBEBD-C082-3FAF-9C3A-3C1A5256A11A}"
	ProjectSection(ProjectDependencies) = postProject
		{3EE4D20C-8D40-3505-99DC-47078F344D0A} = {3EE4D20C-8D40-3505-99DC-47078F344D0A}
		{2E3FB810-94EA-3DF1-9CD9-87F6C0DC2FEF} = {2E3FB810-94EA-3DF1-9CD9-87F6C0DC2FEF}
	EndProjectSection
EndProject
Project("{8BC9CEB8-8B4A-11D0-8D11-00A0C91BC942}") = "monitors", "tests\monitors.vcxproj", "{A691134F-A934-32C5-8EDA-083B4F2EDEB4}"
	ProjectSection(ProjectDependencies) = postProject
		{3EE4D20C-8D40-3505-99DC-47078F344D0A} = {3EE4D20C-8D40-3505-99DC-47078F344D0A}
		{2E3FB810-94EA-3DF1-9CD9-87F6C0DC2FEF} = {2E3FB810-94EA-3DF1-9CD9-87F6C0DC2FEF}
	EndProjectSection
EndProject
Project("{8BC9CEB8-8B4A-11D0-8D11-00A0C91BC942}") = "msaa", "tests\msaa.vcxproj", "{9B7169B5-BE85-3518-940A-BCA80E92EF1B}"
	ProjectSection(ProjectDependencies) = postProject
		{3EE4D20C-8D40-3505-99DC-47078F344D0A} = {3EE4D20C-8D40-3505-99DC-47078F344D0A}
		{2E3FB810-94EA-3DF1-9CD9-87F6C0DC2FEF} = {2E3FB810-94EA-3DF1-9CD9-87F6C0DC2FEF}
	EndProjectSection
EndProject
Project("{8BC9CEB8-8B4A-11D0-8D11-00A0C91BC942}") = "offscreen", "examples\offscreen.vcxproj", "{6380BF2C-ED58-3894-9E6E-B3B5CBDC5463}"
	ProjectSection(ProjectDependencies) = postProject
		{3EE4D20C-8D40-3505-99DC-47078F344D0A} = {3EE4D20C-8D40-3505-99DC-47078F344D0A}
		{2E3FB810-94EA-3DF1-9CD9-87F6C0DC2FEF} = {2E3FB810-94EA-3DF1-9CD9-87F6C0DC2FEF}
	EndProjectSection
EndProject
Project("{8BC9CEB8-8B4A-11D0-8D11-00A0C91BC942}") = "particles", "examples\particles.vcxproj", "{8B9D3E0C-61D6-3F49-B495-68644FE1806F}"
	ProjectSection(ProjectDependencies) = postProject
		{3EE4D20C-8D40-3505-99DC-47078F344D0A} = {3EE4D20C-8D40-3505-99DC-47078F344D0A}
		{2E3FB810-94EA-3DF1-9CD9-87F6C0DC2FEF} = {2E3FB810-94EA-3DF1-9CD9-87F6C0DC2FEF}
	EndProjectSection
EndProject
Project("{8BC9CEB8-8B4A-11D0-8D11-00A0C91BC942}") = "reopen", "tests\reopen.vcxproj", "{BD6F1F84-4202-348B-AA80-660B13358673}"
	ProjectSection(ProjectDependencies) = postProject
		{3EE4D20C-8D40-3505-99DC-47078F344D0A} = {3EE4D20C-8D40-3505-99DC-47078F344D0A}
		{2E3FB810-94EA-3DF1-9CD9-87F6C0DC2FEF} = {2E3FB810-94EA-3DF1-9CD9-87F6C0DC2FEF}
	EndProjectSection
EndProject
Project("{8BC9CEB8-8B4A-11D0-8D11-00A0C91BC942}") = "sharing", "examples\sharing.vcxproj", "{D434DB45-3A22-31E4-9FD0-F12AE2FC584C}"
	ProjectSection(ProjectDependencies) = postProject
		{3EE4D20C-8D40-3505-99DC-47078F344D0A} = {3EE4D20C-8D40-3505-99DC-47078F344D0A}
		{2E3FB810-94EA-3DF1-9CD9-87F6C0DC2FEF} = {2E3FB810-94EA-3DF1-9CD9-87F6C0DC2FEF}
	EndProjectSection
EndProject
Project("{8BC9CEB8-8B4A-11D0-8D11-00A0C91BC942}") = "splitview", "examples\splitview.vcxproj", "{11BBE60F-5340-34E3-8BC4-E6B802E396A5}"
	ProjectSection(ProjectDependencies) = postProject
		{3EE4D20C-8D40-3505-99DC-47078F344D0A} = {3EE4D20C-8D40-3505-99DC-47078F344D0A}
		{2E3FB810-94EA-3DF1-9CD9-87F6C0DC2FEF} = {2E3FB810-94EA-3DF1-9CD9-87F6C0DC2FEF}
	EndProjectSection
EndProject
Project("{8BC9CEB8-8B4A-11D0-8D11-00A0C91BC942}") = "tearing", "tests\tearing.vcxproj", "{054BD904-8E90-38FE-9D1A-0AD1270A653C}"
	ProjectSection(ProjectDependencies) = postProject
		{3EE4D20C-8D40-3505-99DC-47078F344D0A} = {3EE4D20C-8D40-3505-99DC-47078F344D0A}
		{2E3FB810-94EA-3DF1-9CD9-87F6C0DC2FEF} = {2E3FB810-94EA-3DF1-9CD9-87F6C0DC2FEF}
	EndProjectSection
EndProject
Project("{8BC9CEB8-8B4A-11D0-8D11-00A0C91BC942}") = "threads", "tests\threads.vcxproj", "{67311095-3DD8-36BD-9AE2-1D4E2D664E2B}"
	ProjectSection(ProjectDependencies) = postProject
		{3EE4D20C-8D40-3505-99DC-47078F344D0A} = {3EE4D20C-8D40-3505-99DC-47078F344D0A}
		{2E3FB810-94EA-3DF1-9CD9-87F6C0DC2FEF} = {2E3FB810-94EA-3DF1-9CD9-87F6C0DC2FEF}
	EndProjectSection
EndProject
Project("{8BC9CEB8-8B4A-11D0-8D11-00A0C91BC942}") = "timeout", "tests\timeout.vcxproj", "{727D65A2-74F9-3663-BA92-A607BFD6FB8E}"
	ProjectSection(ProjectDependencies) = postProject
		{3EE4D20C-8D40-3505-99DC-47078F344D0A} = {3EE4D20C-8D40-3505-99DC-47078F344D0A}
		{2E3FB810-94EA-3DF1-9CD9-87F6C0DC2FEF} = {2E3FB810-94EA-3DF1-9CD9-87F6C0DC2FEF}
	EndProjectSection
EndProject
Project("{8BC9CEB8-8B4A-11D0-8D11-00A0C91BC942}") = "title", "tests\title.vcxproj", "{39147C5F-BFE2-34A9-9915-B5B3A5ED65EA}"
	ProjectSection(ProjectDependencies) = postProject
		{3EE4D20C-8D40-3505-99DC-47078F344D0A} = {3EE4D20C-8D40-3505-99DC-47078F344D0A}
		{2E3FB810-94EA-3DF1-9CD9-87F6C0DC2FEF} = {2E3FB810-94EA-3DF1-9CD9-87F6C0DC2FEF}
	EndProjectSection
EndProject
Project("{8BC9CEB8-8B4A-11D0-8D11-00A0C91BC942}") = "triangle-opengl", "examples\triangle-opengl.vcxproj", "{6F33FB56-FDA5-3095-8C5C-9A4E324ACA8C}"
	ProjectSection(ProjectDependencies) = postProject
		{3EE4D20C-8D40-3505-99DC-47078F344D0A} = {3EE4D20C-8D40-3505-99DC-47078F344D0A}
		{2E3FB810-94EA-3DF1-9CD9-87F6C0DC2FEF} = {2E3FB810-94EA-3DF1-9CD9-87F6C0DC2FEF}
	EndProjectSection
EndProject
Project("{8BC9CEB8-8B4A-11D0-8D11-00A0C91BC942}") = "triangle-vulkan", "tests\triangle-vulkan.vcxproj", "{A84EA5DA-44E3-3727-B96C-24E90CB44F83}"
	ProjectSection(ProjectDependencies) = postProject
		{3EE4D20C-8D40-3505-99DC-47078F344D0A} = {3EE4D20C-8D40-3505-99DC-47078F344D0A}
		{2E3FB810-94EA-3DF1-9CD9-87F6C0DC2FEF} = {2E3FB810-94EA-3DF1-9CD9-87F6C0DC2FEF}
	EndProjectSection
EndProject
Project("{8BC9CEB8-8B4A-11D0-8D11-00A0C91BC942}") = "uninstall", "uninstall.vcxproj", "{DC9CB5C2-F1D7-310B-9AC5-5016C5EF010F}"
	ProjectSection(ProjectDependencies) = postProject
		{3EE4D20C-8D40-3505-99DC-47078F344D0A} = {3EE4D20C-8D40-3505-99DC-47078F344D0A}
	EndProjectSection
EndProject
Project("{8BC9CEB8-8B4A-11D0-8D11-00A0C91BC942}") = "wave", "examples\wave.vcxproj", "{EC2E529D-0169-3AD7-A875-E88DF5D5BB34}"
	ProjectSection(ProjectDependencies) = postProject
		{3EE4D20C-8D40-3505-99DC-47078F344D0A} = {3EE4D20C-8D40-3505-99DC-47078F344D0A}
		{2E3FB810-94EA-3DF1-9CD9-87F6C0DC2FEF} = {2E3FB810-94EA-3DF1-9CD9-87F6C0DC2FEF}
	EndProjectSection
EndProject
Project("{8BC9CEB8-8B4A-11D0-8D11-00A0C91BC942}") = "window", "tests\window.vcxproj", "{7CEA3277-FCE0-30D5-9279-F8881A337F86}"
	ProjectSection(ProjectDependencies) = postProject
		{3EE4D20C-8D40-3505-99DC-47078F344D0A} = {3EE4D20C-8D40-3505-99DC-47078F344D0A}
		{2E3FB810-94EA-3DF1-9CD9-87F6C0DC2FEF} = {2E3FB810-94EA-3DF1-9CD9-87F6C0DC2FEF}
	EndProjectSection
EndProject
Project("{8BC9CEB8-8B4A-11D0-8D11-00A0C91BC942}") = "windows", "examples\windows.vcxproj", "{536A8EE7-85A6-3041-B42D-AA35DD98B457}"
	ProjectSection(ProjectDependencies) = postProject
		{3EE4D20C-8D40-3505-99DC-47078F344D0A} = {3EE4D20C-8D40-3505-99DC-47078F344D0A}
		{2E3FB810-94EA-3DF1-9CD9-87F6C0DC2FEF} = {2E3FB810-94EA-3DF1-9CD9-87F6C0DC2FEF}
	EndProjectSection
EndProject
Global
	GlobalSection(SolutionConfigurationPlatforms) = preSolution
		Debug|x64 = Debug|x64
		Release|x64 = Release|x64
	EndGlobalSection
	GlobalSection(ProjectConfigurationPlatforms) = postSolution
		{D4817DC6-4F9F-3603-A8FB-AA0310A6D261}.Debug|x64.ActiveCfg = Debug|x64
		{D4817DC6-4F9F-3603-A8FB-AA0310A6D261}.Debug|x64.Build.0 = Debug|x64
		{D4817DC6-4F9F-3603-A8FB-AA0310A6D261}.Release|x64.ActiveCfg = Release|x64
		{D4817DC6-4F9F-3603-A8FB-AA0310A6D261}.Release|x64.Build.0 = Release|x64
		{6F04F07C-1B4F-331C-AB35-AECA75090C2D}.Debug|x64.ActiveCfg = Debug|x64
		{6F04F07C-1B4F-331C-AB35-AECA75090C2D}.Release|x64.ActiveCfg = Release|x64
		{3EE4D20C-8D40-3505-99DC-47078F344D0A}.Debug|x64.ActiveCfg = Debug|x64
		{3EE4D20C-8D40-3505-99DC-47078F344D0A}.Debug|x64.Build.0 = Debug|x64
		{3EE4D20C-8D40-3505-99DC-47078F344D0A}.Release|x64.ActiveCfg = Release|x64
		{3EE4D20C-8D40-3505-99DC-47078F344D0A}.Release|x64.Build.0 = Release|x64
		{0625EC35-56A1-3D13-9287-404D41E5368C}.Debug|x64.ActiveCfg = Debug|x64
		{0625EC35-56A1-3D13-9287-404D41E5368C}.Debug|x64.Build.0 = Debug|x64
		{0625EC35-56A1-3D13-9287-404D41E5368C}.Release|x64.ActiveCfg = Release|x64
		{0625EC35-56A1-3D13-9287-404D41E5368C}.Release|x64.Build.0 = Release|x64
		{F4C3A287-F5BB-3820-A7BC-6DF04AC6DC37}.Debug|x64.ActiveCfg = Debug|x64
		{F4C3A287-F5BB-3820-A7BC-6DF04AC6DC37}.Debug|x64.Build.0 = Debug|x64
		{F4C3A287-F5BB-3820-A7BC-6DF04AC6DC37}.Release|x64.ActiveCfg = Release|x64
		{F4C3A287-F5BB-3820-A7BC-6DF04AC6DC37}.Release|x64.Build.0 = Release|x64
		{B03762D5-BF72-3E9A-904E-52E3A43330B4}.Debug|x64.ActiveCfg = Debug|x64
		{B03762D5-BF72-3E9A-904E-52E3A43330B4}.Debug|x64.Build.0 = Debug|x64
		{B03762D5-BF72-3E9A-904E-52E3A43330B4}.Release|x64.ActiveCfg = Release|x64
		{B03762D5-BF72-3E9A-904E-52E3A43330B4}.Release|x64.Build.0 = Release|x64
		{B608B043-1B95-3C04-B095-9AE0B1B3444C}.Debug|x64.ActiveCfg = Debug|x64
		{B608B043-1B95-3C04-B095-9AE0B1B3444C}.Debug|x64.Build.0 = Debug|x64
		{B608B043-1B95-3C04-B095-9AE0B1B3444C}.Release|x64.ActiveCfg = Release|x64
		{B608B043-1B95-3C04-B095-9AE0B1B3444C}.Release|x64.Build.0 = Release|x64
		{6715CCA8-B3F1-3DD1-8A96-B84B2209EB72}.Debug|x64.ActiveCfg = Debug|x64
		{6715CCA8-B3F1-3DD1-8A96-B84B2209EB72}.Debug|x64.Build.0 = Debug|x64
		{6715CCA8-B3F1-3DD1-8A96-B84B2209EB72}.Release|x64.ActiveCfg = Release|x64
		{6715CCA8-B3F1-3DD1-8A96-B84B2209EB72}.Release|x64.Build.0 = Release|x64
		{153F19A6-5ABA-3E25-B9F5-46DC7A76C8EE}.Debug|x64.ActiveCfg = Debug|x64
		{153F19A6-5ABA-3E25-B9F5-46DC7A76C8EE}.Debug|x64.Build.0 = Debug|x64
		{153F19A6-5ABA-3E25-B9F5-46DC7A76C8EE}.Release|x64.ActiveCfg = Release|x64
		{153F19A6-5ABA-3E25-B9F5-46DC7A76C8EE}.Release|x64.Build.0 = Release|x64
		{A940E157-74B8-3205-88D2-DE38E2F31CA1}.Debug|x64.ActiveCfg = Debug|x64
		{A940E157-74B8-3205-88D2-DE38E2F31CA1}.Debug|x64.Build.0 = Debug|x64
		{A940E157-74B8-3205-88D2-DE38E2F31CA1}.Release|x64.ActiveCfg = Release|x64
		{A940E157-74B8-3205-88D2-DE38E2F31CA1}.Release|x64.Build.0 = Release|x64
		{2E3FB810-94EA-3DF1-9CD9-87F6C0DC2FEF}.Debug|x64.ActiveCfg = Debug|x64
		{2E3FB810-94EA-3DF1-9CD9-87F6C0DC2FEF}.Debug|x64.Build.0 = Debug|x64
		{2E3FB810-94EA-3DF1-9CD9-87F6C0DC2FEF}.Release|x64.ActiveCfg = Release|x64
		{2E3FB810-94EA-3DF1-9CD9-87F6C0DC2FEF}.Release|x64.Build.0 = Release|x64
		{538E2344-74A0-3522-AF17-10ADCA3385C0}.Debug|x64.ActiveCfg = Debug|x64
		{538E2344-74A0-3522-AF17-10ADCA3385C0}.Debug|x64.Build.0 = Debug|x64
		{538E2344-74A0-3522-AF17-10ADCA3385C0}.Release|x64.ActiveCfg = Release|x64
		{538E2344-74A0-3522-AF17-10ADCA3385C0}.Release|x64.Build.0 = Release|x64
		{614F8108-3DD6-38A1-A976-CA280099EF47}.Debug|x64.ActiveCfg = Debug|x64
		{614F8108-3DD6-38A1-A976-CA280099EF47}.Debug|x64.Build.0 = Debug|x64
		{614F8108-3DD6-38A1-A976-CA280099EF47}.Release|x64.ActiveCfg = Release|x64
		{614F8108-3DD6-38A1-A976-CA280099EF47}.Release|x64.Build.0 = Release|x64
		{758363A3-A1F2-3018-BFD9-92F295E67E3C}.Debug|x64.ActiveCfg = Debug|x64
		{758363A3-A1F2-3018-BFD9-92F295E67E3C}.Debug|x64.Build.0 = Debug|x64
		{758363A3-A1F2-3018-BFD9-92F295E67E3C}.Release|x64.ActiveCfg = Release|x64
		{758363A3-A1F2-3018-BFD9-92F295E67E3C}.Release|x64.Build.0 = Release|x64
		{687E886C-9416-3E93-BD7D-8AECCE51D6AA}.Debug|x64.ActiveCfg = Debug|x64
		{687E886C-9416-3E93-BD7D-8AECCE51D6AA}.Debug|x64.Build.0 = Debug|x64
		{687E886C-9416-3E93-BD7D-8AECCE51D6AA}.Release|x64.ActiveCfg = Release|x64
		{687E886C-9416-3E93-BD7D-8AECCE51D6AA}.Release|x64.Build.0 = Release|x64
		{3EE76DBA-6B57-329C-ADD2-D7B61DF36597}.Debug|x64.ActiveCfg = Debug|x64
		{3EE76DBA-6B57-329C-ADD2-D7B61DF36597}.Debug|x64.Build.0 = Debug|x64
		{3EE76DBA-6B57-329C-ADD2-D7B61DF36597}.Release|x64.ActiveCfg = Release|x64
		{3EE76DBA-6B57-329C-ADD2-D7B61DF36597}.Release|x64.Build.0 = Release|x64
		{9E7CBEBD-C082-3FAF-9C3A-3C1A5256A11A}.Debug|x64.ActiveCfg = Debug|x64
		{9E7CBEBD-C082-3FAF-9C3A-3C1A5256A11A}.Debug|x64.Build.0 = Debug|x64
		{9E7CBEBD-C082-3FAF-9C3A-3C1A5256A11A}.Release|x64.ActiveCfg = Release|x64
		{9E7CBEBD-C082-3FAF-9C3A-3C1A5256A11A}.Release|x64.Build.0 = Release|x64
		{A691134F-A934-32C5-8EDA-083B4F2EDEB4}.Debug|x64.ActiveCfg = Debug|x64
		{A691134F-A934-32C5-8EDA-083B4F2EDEB4}.Debug|x64.Build.0 = Debug|x64
		{A691134F-A934-32C5-8EDA-083B4F2EDEB4}.Release|x64.ActiveCfg = Release|x64
		{A691134F-A934-32C5-8EDA-083B4F2EDEB4}.Release|x64.Build.0 = Release|x64
		{9B7169B5-BE85-3518-940A-BCA80E92EF1B}.Debug|x64.ActiveCfg = Debug|x64
		{9B7169B5-BE85-3518-940A-BCA80E92EF1B}.Debug|x64.Build.0 = Debug|x64
		{9B7169B5-BE85-3518-940A-BCA80E92EF1B}.Release|x64.ActiveCfg = Release|x64
		{9B7169B5-BE85-3518-940A-BCA80E92EF1B}.Release|x64.Build.0 = Release|x64
		{6380BF2C-ED58-3894-9E6E-B3B5CBDC5463}.Debug|x64.ActiveCfg = Debug|x64
		{6380BF2C-ED58-3894-9E6E-B3B5CBDC5463}.Debug|x64.Build.0 = Debug|x64
		{6380BF2C-ED58-3894-9E6E-B3B5CBDC5463}.Release|x64.ActiveCfg = Release|x64
		{6380BF2C-ED58-3894-9E6E-B3B5CBDC5463}.Release|x64.Build.0 = Release|x64
		{8B9D3E0C-61D6-3F49-B495-68644FE1806F}.Debug|x64.ActiveCfg = Debug|x64
		{8B9D3E0C-61D6-3F49-B495-68644FE1806F}.Debug|x64.Build.0 = Debug|x64
		{8B9D3E0C-61D6-3F49-B495-68644FE1806F}.Release|x64.ActiveCfg = Release|x64
		{8B9D3E0C-61D6-3F49-B495-68644FE1806F}.Release|x64.Build.0 = Release|x64
		{BD6F1F84-4202-348B-AA80-660B13358673}.Debug|x64.ActiveCfg = Debug|x64
		{BD6F1F84-4202-348B-AA80-660B13358673}.Debug|x64.Build.0 = Debug|x64
		{BD6F1F84-4202-348B-AA80-660B13358673}.Release|x64.ActiveCfg = Release|x64
		{BD6F1F84-4202-348B-AA80-660B13358673}.Release|x64.Build.0 = Release|x64
		{D434DB45-3A22-31E4-9FD0-F12AE2FC584C}.Debug|x64.ActiveCfg = Debug|x64
		{D434DB45-3A22-31E4-9FD0-F12AE2FC584C}.Debug|x64.Build.0 = Debug|x64
		{D434DB45-3A22-31E4-9FD0-F12AE2FC584C}.Release|x64.ActiveCfg = Release|x64
		{D434DB45-3A22-31E4-9FD0-F12AE2FC584C}.Release|x64.Build.0 = Release|x64
		{11BBE60F-5340-34E3-8BC4-E6B802E396A5}.Debug|x64.ActiveCfg = Debug|x64
		{11BBE60F-5340-34E3-8BC4-E6B802E396A5}.Debug|x64.Build.0 = Debug|x64
		{11BBE60F-5340-34E3-8BC4-E6B802E396A5}.Release|x64.ActiveCfg = Release|x64
		{11BBE60F-5340-34E3-8BC4-E6B802E396A5}.Release|x64.Build.0 = Release|x64
		{054BD904-8E90-38FE-9D1A-0AD1270A653C}.Debug|x64.ActiveCfg = Debug|x64
		{054BD904-8E90-38FE-9D1A-0AD1270A653C}.Debug|x64.Build.0 = Debug|x64
		{054BD904-8E90-38FE-9D1A-0AD1270A653C}.Release|x64.ActiveCfg = Release|x64
		{054BD904-8E90-38FE-9D1A-0AD1270A653C}.Release|x64.Build.0 = Release|x64
		{67311095-3DD8-36BD-9AE2-1D4E2D664E2B}.Debug|x64.ActiveCfg = Debug|x64
		{67311095-3DD8-36BD-9AE2-1D4E2D664E2B}.Debug|x64.Build.0 = Debug|x64
		{67311095-3DD8-36BD-9AE2-1D4E2D664E2B}.Release|x64.ActiveCfg = Release|x64
		{67311095-3DD8-36BD-9AE2-1D4E2D664E2B}.Release|x64.Build.0 = Release|x64
		{727D65A2-74F9-3663-BA92-A607BFD6FB8E}.Debug|x64.ActiveCfg = Debug|x64
		{727D65A2-74F9-3663-BA92-A607BFD6FB8E}.Debug|x64.Build.0 = Debug|x64
		{727D65A2-74F9-3663-BA92-A607BFD6FB8E}.Release|x64.ActiveCfg = Release|x64
		{727D65A2-74F9-3663-BA92-A607BFD6FB8E}.Release|x64.Build.0 = Release|x64
		{39147C5F-BFE2-34A9-9915-B5B3A5ED65EA}.Debug|x64.ActiveCfg = Debug|x64
		{39147C5F-BFE2-34A9-9915-B5B3A5ED65EA}.Debug|x64.Build.0 = Debug|x64
		{39147C5F-BFE2-34A9-9915-B5B3A5ED65EA}.Release|x64.ActiveCfg = Release|x64
		{39147C5F-BFE2-34A9-9915-B5B3A5ED65EA}.Release|x64.Build.0 = Release|x64
		{6F33FB56-FDA5-3095-8C5C-9A4E324ACA8C}.Debug|x64.ActiveCfg = Debug|x64
		{6F33FB56-FDA5-3095-8C5C-9A4E324ACA8C}.Debug|x64.Build.0 = Debug|x64
		{6F33FB56-FDA5-3095-8C5C-9A4E324ACA8C}.Release|x64.ActiveCfg = Release|x64
		{6F33FB56-FDA5-3095-8C5C-9A4E324ACA8C}.Release|x64.Build.0 = Release|x64
		{A84EA5DA-44E3-3727-B96C-24E90CB44F83}.Debug|x64.ActiveCfg = Debug|x64
		{A84EA5DA-44E3-3727-B96C-24E90CB44F83}.Debug|x64.Build.0 = Debug|x64
		{A84EA5DA-44E3-3727-B96C-24E90CB44F83}.Release|x64.ActiveCfg = Release|x64
		{A84EA5DA-44E3-3727-B96C-24E90CB44F83}.Release|x64.Build.0 = Release|x64
		{DC9CB5C2-F1D7-310B-9AC5-5016C5EF010F}.Debug|x64.ActiveCfg = Debug|x64
		{DC9CB5C2-F1D7-310B-9AC5-5016C5EF010F}.Release|x64.ActiveCfg = Release|x64
		{EC2E529D-0169-3AD7-A875-E88DF5D5BB34}.Debug|x64.ActiveCfg = Debug|x64
		{EC2E529D-0169-3AD7-A875-E88DF5D5BB34}.Debug|x64.Build.0 = Debug|x64
		{EC2E529D-0169-3AD7-A875-E88DF5D5BB34}.Release|x64.ActiveCfg = Release|x64
		{EC2E529D-0169-3AD7-A875-E88DF5D5BB34}.Release|x64.Build.0 = Release|x64
		{7CEA3277-FCE0-30D5-9279-F8881A337F86}.Debug|x64.ActiveCfg = Debug|x64
		{7CEA3277-FCE0-30D5-9279-F8881A337F86}.Debug|x64.Build.0 = Debug|x64
		{7CEA3277-FCE0-30D5-9279-F8881A337F86}.Release|x64.ActiveCfg = Release|x64
		{7CEA3277-FCE0-30D5-9279-F8881A337F86}.Release|x64.Build.0 = Release|x64
		{536A8EE7-85A6-3041-B42D-AA35DD98B457}.Debug|x64.ActiveCfg = Debug|x64
		{536A8EE7-85A6-3041-B42D-AA35DD98B457}.Debug|x64.Build.0 = Debug|x64
		{536A8EE7-85A6-3041-B42D-AA35DD98B457}.Release|x64.ActiveCfg = Release|x64
		{536A8EE7-85A6-3041-B42D-AA35DD98B457}.Release|x64.Build.0 = Release|x64
	EndGlobalSection
	GlobalSection(NestedProjects) = preSolution
		{D4817DC6-4F9F-3603-A8FB-AA0310A6D261} = {69D3C479-BD62-3F46-9886-FA954B7B0512}
		{6F04F07C-1B4F-331C-AB35-AECA75090C2D} = {69D3C479-BD62-3F46-9886-FA954B7B0512}
		{3EE4D20C-8D40-3505-99DC-47078F344D0A} = {69D3C479-BD62-3F46-9886-FA954B7B0512}
		{B3F211E3-3EE0-395F-AADC-F383230BE005} = {CC923D1B-EF72-33A6-AC7C-E5F9201FD9A2}
		{06F1E2AC-D252-3899-965C-A09249728640} = {CC923D1B-EF72-33A6-AC7C-E5F9201FD9A2}
		{2E3FB810-94EA-3DF1-9CD9-87F6C0DC2FEF} = {CC923D1B-EF72-33A6-AC7C-E5F9201FD9A2}
		{DC9CB5C2-F1D7-310B-9AC5-5016C5EF010F} = {CC923D1B-EF72-33A6-AC7C-E5F9201FD9A2}
		{0625EC35-56A1-3D13-9287-404D41E5368C} = {B3F211E3-3EE0-395F-AADC-F383230BE005}
		{A940E157-74B8-3205-88D2-DE38E2F31CA1} = {B3F211E3-3EE0-395F-AADC-F383230BE005}
		{614F8108-3DD6-38A1-A976-CA280099EF47} = {B3F211E3-3EE0-395F-AADC-F383230BE005}
		{6380BF2C-ED58-3894-9E6E-B3B5CBDC5463} = {B3F211E3-3EE0-395F-AADC-F383230BE005}
		{8B9D3E0C-61D6-3F49-B495-68644FE1806F} = {B3F211E3-3EE0-395F-AADC-F383230BE005}
		{D434DB45-3A22-31E4-9FD0-F12AE2FC584C} = {B3F211E3-3EE0-395F-AADC-F383230BE005}
		{11BBE60F-5340-34E3-8BC4-E6B802E396A5} = {B3F211E3-3EE0-395F-AADC-F383230BE005}
		{6F33FB56-FDA5-3095-8C5C-9A4E324ACA8C} = {B3F211E3-3EE0-395F-AADC-F383230BE005}
		{EC2E529D-0169-3AD7-A875-E88DF5D5BB34} = {B3F211E3-3EE0-395F-AADC-F383230BE005}
		{536A8EE7-85A6-3041-B42D-AA35DD98B457} = {B3F211E3-3EE0-395F-AADC-F383230BE005}
		{F4C3A287-F5BB-3820-A7BC-6DF04AC6DC37} = {06F1E2AC-D252-3899-965C-A09249728640}
		{B03762D5-BF72-3E9A-904E-52E3A43330B4} = {06F1E2AC-D252-3899-965C-A09249728640}
		{B608B043-1B95-3C04-B095-9AE0B1B3444C} = {06F1E2AC-D252-3899-965C-A09249728640}
		{6715CCA8-B3F1-3DD1-8A96-B84B2209EB72} = {06F1E2AC-D252-3899-965C-A09249728640}
		{153F19A6-5ABA-3E25-B9F5-46DC7A76C8EE} = {06F1E2AC-D252-3899-965C-A09249728640}
		{538E2344-74A0-3522-AF17-10ADCA3385C0} = {06F1E2AC-D252-3899-965C-A09249728640}
		{758363A3-A1F2-3018-BFD9-92F295E67E3C} = {06F1E2AC-D252-3899-965C-A09249728640}
		{687E886C-9416-3E93-BD7D-8AECCE51D6AA} = {06F1E2AC-D252-3899-965C-A09249728640}
		{3EE76DBA-6B57-329C-ADD2-D7B61DF36597} = {06F1E2AC-D252-3899-965C-A09249728640}
		{9E7CBEBD-C082-3FAF-9C3A-3C1A5256A11A} = {06F1E2AC-D252-3899-965C-A09249728640}
		{A691134F-A934-32C5-8EDA-083B4F2EDEB4} = {06F1E2AC-D252-3899-965C-A09249728640}
		{9B7169B5-BE85-3518-940A-BCA80E92EF1B} = {06F1E2AC-D252-3899-965C-A09249728640}
		{BD6F1F84-4202-348B-AA80-660B13358673} = {06F1E2AC-D252-3899-965C-A09249728640}
		{054BD904-8E90-38FE-9D1A-0AD1270A653C} = {06F1E2AC-D252-3899-965C-A09249728640}
		{67311095-3DD8-36BD-9AE2-1D4E2D664E2B} = {06F1E2AC-D252-3899-965C-A09249728640}
		{727D65A2-74F9-3663-BA92-A607BFD6FB8E} = {06F1E2AC-D252-3899-965C-A09249728640}
		{39147C5F-BFE2-34A9-9915-B5B3A5ED65EA} = {06F1E2AC-D252-3899-965C-A09249728640}
		{A84EA5DA-44E3-3727-B96C-24E90CB44F83} = {06F1E2AC-D252-3899-965C-A09249728640}
		{7CEA3277-FCE0-30D5-9279-F8881A337F86} = {06F1E2AC-D252-3899-965C-A09249728640}
	EndGlobalSection
	GlobalSection(ExtensibilityGlobals) = postSolution
		SolutionGuid = {CB3AC5BA-7A72-365A-B201-AEBA134E6F89}
	EndGlobalSection
	GlobalSection(ExtensibilityAddIns) = postSolution
	EndGlobalSection
EndGlobal
